// !$*UTF8*$!
{
	archiveVersion = 1;
	classes = {
	};
	objectVersion = 56;
	objects = {

/* Begin PBXBuildFile section */
		2D1D12B42B5BD37A00B58087 /* AppDelegate.swift in Sources */ = {isa = PBXBuildFile; fileRef = 2D1D12B32B5BD37A00B58087 /* AppDelegate.swift */; };
		2D1D12B62B5BD37A00B58087 /* SceneDelegate.swift in Sources */ = {isa = PBXBuildFile; fileRef = 2D1D12B52B5BD37A00B58087 /* SceneDelegate.swift */; };
		2D1D12B82B5BD37A00B58087 /* AuthorizationViewController.swift in Sources */ = {isa = PBXBuildFile; fileRef = 2D1D12B72B5BD37A00B58087 /* AuthorizationViewController.swift */; };
		2D1D12BD2B5BD37C00B58087 /* Assets.xcassets in Resources */ = {isa = PBXBuildFile; fileRef = 2D1D12BC2B5BD37C00B58087 /* Assets.xcassets */; };
		2D1D12C02B5BD37C00B58087 /* LaunchScreen.storyboard in Resources */ = {isa = PBXBuildFile; fileRef = 2D1D12BE2B5BD37C00B58087 /* LaunchScreen.storyboard */; };
		2D1D12C82B5BD6AC00B58087 /* Country.swift in Sources */ = {isa = PBXBuildFile; fileRef = 2D1D12C72B5BD6AC00B58087 /* Country.swift */; };
		2D1D12D02B5BD7F700B58087 /* NetworkService.swift in Sources */ = {isa = PBXBuildFile; fileRef = 2D1D12CF2B5BD7F700B58087 /* NetworkService.swift */; };
		2D5F5B992B61123F00FBFF26 /* NetworkError.swift in Sources */ = {isa = PBXBuildFile; fileRef = 2D5F5B982B61123F00FBFF26 /* NetworkError.swift */; };
		2D5F5B9B2B61130C00FBFF26 /* URLManager.swift in Sources */ = {isa = PBXBuildFile; fileRef = 2D5F5B9A2B61130C00FBFF26 /* URLManager.swift */; };
		2D9BCB6A2B5BD9E700ACB1C1 /* PhoneInputViewController.swift in Sources */ = {isa = PBXBuildFile; fileRef = 2D9BCB692B5BD9E700ACB1C1 /* PhoneInputViewController.swift */; };
		2D9BCB6C2B5BDA1200ACB1C1 /* CountrySelectViewController.swift in Sources */ = {isa = PBXBuildFile; fileRef = 2D9BCB6B2B5BDA1200ACB1C1 /* CountrySelectViewController.swift */; };
		2DEBF1B32B5D3CD90097308F /* CustomLabel.swift in Sources */ = {isa = PBXBuildFile; fileRef = 2DEBF1B22B5D3CD90097308F /* CustomLabel.swift */; };
		2DEBF1B52B5D3CE80097308F /* CustomButton.swift in Sources */ = {isa = PBXBuildFile; fileRef = 2DEBF1B42B5D3CE80097308F /* CustomButton.swift */; };
		2DEBF1B82B5FF9040097308F /* CustomTextField.swift in Sources */ = {isa = PBXBuildFile; fileRef = 2DEBF1B72B5FF9040097308F /* CustomTextField.swift */; };
		2DEBF1BA2B6022900097308F /* Validate.swift in Sources */ = {isa = PBXBuildFile; fileRef = 2DEBF1B92B60228F0097308F /* Validate.swift */; };
/* End PBXBuildFile section */

/* Begin PBXFileReference section */
		2D1D12B02B5BD37A00B58087 /* TestTask.app */ = {isa = PBXFileReference; explicitFileType = wrapper.application; includeInIndex = 0; path = TestTask.app; sourceTree = BUILT_PRODUCTS_DIR; };
		2D1D12B32B5BD37A00B58087 /* AppDelegate.swift */ = {isa = PBXFileReference; lastKnownFileType = sourcecode.swift; path = AppDelegate.swift; sourceTree = "<group>"; };
		2D1D12B52B5BD37A00B58087 /* SceneDelegate.swift */ = {isa = PBXFileReference; lastKnownFileType = sourcecode.swift; path = SceneDelegate.swift; sourceTree = "<group>"; };
		2D1D12B72B5BD37A00B58087 /* AuthorizationViewController.swift */ = {isa = PBXFileReference; lastKnownFileType = sourcecode.swift; path = AuthorizationViewController.swift; sourceTree = "<group>"; };
		2D1D12BC2B5BD37C00B58087 /* Assets.xcassets */ = {isa = PBXFileReference; lastKnownFileType = folder.assetcatalog; path = Assets.xcassets; sourceTree = "<group>"; };
		2D1D12BF2B5BD37C00B58087 /* Base */ = {isa = PBXFileReference; lastKnownFileType = file.storyboard; name = Base; path = Base.lproj/LaunchScreen.storyboard; sourceTree = "<group>"; };
		2D1D12C12B5BD37C00B58087 /* Info.plist */ = {isa = PBXFileReference; lastKnownFileType = text.plist.xml; path = Info.plist; sourceTree = "<group>"; };
		2D1D12C72B5BD6AC00B58087 /* Country.swift */ = {isa = PBXFileReference; lastKnownFileType = sourcecode.swift; path = Country.swift; sourceTree = "<group>"; };
		2D1D12CF2B5BD7F700B58087 /* NetworkService.swift */ = {isa = PBXFileReference; lastKnownFileType = sourcecode.swift; path = NetworkService.swift; sourceTree = "<group>"; };
		2D5F5B982B61123F00FBFF26 /* NetworkError.swift */ = {isa = PBXFileReference; lastKnownFileType = sourcecode.swift; path = NetworkError.swift; sourceTree = "<group>"; };
		2D5F5B9A2B61130C00FBFF26 /* URLManager.swift */ = {isa = PBXFileReference; lastKnownFileType = sourcecode.swift; path = URLManager.swift; sourceTree = "<group>"; };
		2D9BCB692B5BD9E700ACB1C1 /* PhoneInputViewController.swift */ = {isa = PBXFileReference; lastKnownFileType = sourcecode.swift; path = PhoneInputViewController.swift; sourceTree = "<group>"; };
		2D9BCB6B2B5BDA1200ACB1C1 /* CountrySelectViewController.swift */ = {isa = PBXFileReference; lastKnownFileType = sourcecode.swift; path = CountrySelectViewController.swift; sourceTree = "<group>"; };
		2DEBF1B22B5D3CD90097308F /* CustomLabel.swift */ = {isa = PBXFileReference; lastKnownFileType = sourcecode.swift; path = CustomLabel.swift; sourceTree = "<group>"; };
		2DEBF1B42B5D3CE80097308F /* CustomButton.swift */ = {isa = PBXFileReference; lastKnownFileType = sourcecode.swift; path = CustomButton.swift; sourceTree = "<group>"; };
		2DEBF1B72B5FF9040097308F /* CustomTextField.swift */ = {isa = PBXFileReference; lastKnownFileType = sourcecode.swift; path = CustomTextField.swift; sourceTree = "<group>"; };
		2DEBF1B92B60228F0097308F /* Validate.swift */ = {isa = PBXFileReference; lastKnownFileType = sourcecode.swift; path = Validate.swift; sourceTree = "<group>"; };
/* End PBXFileReference section */

/* Begin PBXFrameworksBuildPhase section */
		2D1D12AD2B5BD37A00B58087 /* Frameworks */ = {
			isa = PBXFrameworksBuildPhase;
			buildActionMask = 2147483647;
			files = (
			);
			runOnlyForDeploymentPostprocessing = 0;
		};
/* End PBXFrameworksBuildPhase section */

/* Begin PBXGroup section */
		2D1D12A72B5BD37A00B58087 = {
			isa = PBXGroup;
			children = (
				2D1D12B22B5BD37A00B58087 /* TestTask */,
				2D1D12B12B5BD37A00B58087 /* Products */,
			);
			sourceTree = "<group>";
		};
		2D1D12B12B5BD37A00B58087 /* Products */ = {
			isa = PBXGroup;
			children = (
				2D1D12B02B5BD37A00B58087 /* TestTask.app */,
			);
			name = Products;
			sourceTree = "<group>";
		};
		2D1D12B22B5BD37A00B58087 /* TestTask */ = {
			isa = PBXGroup;
			children = (
				2D1D12CA2B5BD6E200B58087 /* App */,
				2D1D12CC2B5BD70B00B58087 /* Resources */,
				2D1D12CD2B5BD72400B58087 /* StoryBoards */,
				2D1D12CB2B5BD6F000B58087 /* ViewControllers */,
				2DEBF1B62B5E88DB0097308F /* Custom */,
				2D1D12CE2B5BD77200B58087 /* Networking */,
				2D1D12C92B5BD6B100B58087 /* Model */,
			);
			path = TestTask;
			sourceTree = "<group>";
		};
		2D1D12C92B5BD6B100B58087 /* Model */ = {
			isa = PBXGroup;
			children = (
				2D1D12C72B5BD6AC00B58087 /* Country.swift */,
			);
			path = Model;
			sourceTree = "<group>";
		};
		2D1D12CA2B5BD6E200B58087 /* App */ = {
			isa = PBXGroup;
			children = (
				2D1D12B32B5BD37A00B58087 /* AppDelegate.swift */,
				2DEBF1B92B60228F0097308F /* Validate.swift */,
				2D1D12B52B5BD37A00B58087 /* SceneDelegate.swift */,
				2D1D12C12B5BD37C00B58087 /* Info.plist */,
			);
			path = App;
			sourceTree = "<group>";
		};
		2D1D12CB2B5BD6F000B58087 /* ViewControllers */ = {
			isa = PBXGroup;
			children = (
				2D1D12B72B5BD37A00B58087 /* AuthorizationViewController.swift */,
				2D9BCB692B5BD9E700ACB1C1 /* PhoneInputViewController.swift */,
				2D9BCB6B2B5BDA1200ACB1C1 /* CountrySelectViewController.swift */,
			);
			path = ViewControllers;
			sourceTree = "<group>";
		};
		2D1D12CC2B5BD70B00B58087 /* Resources */ = {
			isa = PBXGroup;
			children = (
				2D1D12BC2B5BD37C00B58087 /* Assets.xcassets */,
			);
			path = Resources;
			sourceTree = "<group>";
		};
		2D1D12CD2B5BD72400B58087 /* StoryBoards */ = {
			isa = PBXGroup;
			children = (
				2D1D12BE2B5BD37C00B58087 /* LaunchScreen.storyboard */,
			);
			path = StoryBoards;
			sourceTree = "<group>";
		};
		2D1D12CE2B5BD77200B58087 /* Networking */ = {
			isa = PBXGroup;
			children = (
				2D1D12CF2B5BD7F700B58087 /* NetworkService.swift */,
				2D5F5B9A2B61130C00FBFF26 /* URLManager.swift */,
				2D5F5B982B61123F00FBFF26 /* NetworkError.swift */,
			);
			path = Networking;
			sourceTree = "<group>";
		};
		2DEBF1B62B5E88DB0097308F /* Custom */ = {
			isa = PBXGroup;
			children = (
				2DEBF1B22B5D3CD90097308F /* CustomLabel.swift */,
				2DEBF1B42B5D3CE80097308F /* CustomButton.swift */,
				2DEBF1B72B5FF9040097308F /* CustomTextField.swift */,
			);
			path = Custom;
			sourceTree = "<group>";
		};
/* End PBXGroup section */

/* Begin PBXNativeTarget section */
		2D1D12AF2B5BD37A00B58087 /* TestTask */ = {
			isa = PBXNativeTarget;
			buildConfigurationList = 2D1D12C42B5BD37C00B58087 /* Build configuration list for PBXNativeTarget "TestTask" */;
			buildPhases = (
				2D1D12AC2B5BD37A00B58087 /* Sources */,
				2D1D12AD2B5BD37A00B58087 /* Frameworks */,
				2D1D12AE2B5BD37A00B58087 /* Resources */,
			);
			buildRules = (
			);
			dependencies = (
			);
			name = TestTask;
			productName = TestTask;
			productReference = 2D1D12B02B5BD37A00B58087 /* TestTask.app */;
			productType = "com.apple.product-type.application";
		};
/* End PBXNativeTarget section */

/* Begin PBXProject section */
		2D1D12A82B5BD37A00B58087 /* Project object */ = {
			isa = PBXProject;
			attributes = {
				BuildIndependentTargetsInParallel = 1;
				LastSwiftUpdateCheck = 1500;
				LastUpgradeCheck = 1500;
				TargetAttributes = {
					2D1D12AF2B5BD37A00B58087 = {
						CreatedOnToolsVersion = 15.0.1;
					};
				};
			};
			buildConfigurationList = 2D1D12AB2B5BD37A00B58087 /* Build configuration list for PBXProject "TestTask" */;
			compatibilityVersion = "Xcode 14.0";
			developmentRegion = en;
			hasScannedForEncodings = 0;
			knownRegions = (
				en,
				Base,
			);
			mainGroup = 2D1D12A72B5BD37A00B58087;
			productRefGroup = 2D1D12B12B5BD37A00B58087 /* Products */;
			projectDirPath = "";
			projectRoot = "";
			targets = (
				2D1D12AF2B5BD37A00B58087 /* TestTask */,
			);
		};
/* End PBXProject section */

/* Begin PBXResourcesBuildPhase section */
		2D1D12AE2B5BD37A00B58087 /* Resources */ = {
			isa = PBXResourcesBuildPhase;
			buildActionMask = 2147483647;
			files = (
				2D1D12C02B5BD37C00B58087 /* LaunchScreen.storyboard in Resources */,
				2D1D12BD2B5BD37C00B58087 /* Assets.xcassets in Resources */,
			);
			runOnlyForDeploymentPostprocessing = 0;
		};
/* End PBXResourcesBuildPhase section */

/* Begin PBXSourcesBuildPhase section */
		2D1D12AC2B5BD37A00B58087 /* Sources */ = {
			isa = PBXSourcesBuildPhase;
			buildActionMask = 2147483647;
			files = (
				2DEBF1BA2B6022900097308F /* Validate.swift in Sources */,
				2D1D12D02B5BD7F700B58087 /* NetworkService.swift in Sources */,
				2D9BCB6C2B5BDA1200ACB1C1 /* CountrySelectViewController.swift in Sources */,
				2D5F5B9B2B61130C00FBFF26 /* URLManager.swift in Sources */,
				2DEBF1B52B5D3CE80097308F /* CustomButton.swift in Sources */,
				2D1D12C82B5BD6AC00B58087 /* Country.swift in Sources */,
				2DEBF1B82B5FF9040097308F /* CustomTextField.swift in Sources */,
				2D9BCB6A2B5BD9E700ACB1C1 /* PhoneInputViewController.swift in Sources */,
				2D1D12B82B5BD37A00B58087 /* AuthorizationViewController.swift in Sources */,
				2D1D12B42B5BD37A00B58087 /* AppDelegate.swift in Sources */,
				2D5F5B992B61123F00FBFF26 /* NetworkError.swift in Sources */,
				2D1D12B62B5BD37A00B58087 /* SceneDelegate.swift in Sources */,
				2DEBF1B32B5D3CD90097308F /* CustomLabel.swift in Sources */,
			);
			runOnlyForDeploymentPostprocessing = 0;
		};
/* End PBXSourcesBuildPhase section */

/* Begin PBXVariantGroup section */
		2D1D12BE2B5BD37C00B58087 /* LaunchScreen.storyboard */ = {
			isa = PBXVariantGroup;
			children = (
				2D1D12BF2B5BD37C00B58087 /* Base */,
			);
			name = LaunchScreen.storyboard;
			sourceTree = "<group>";
		};
/* End PBXVariantGroup section */

/* Begin XCBuildConfiguration section */
		2D1D12C22B5BD37C00B58087 /* Debug */ = {
			isa = XCBuildConfiguration;
			buildSettings = {
				ALWAYS_SEARCH_USER_PATHS = NO;
				ASSETCATALOG_COMPILER_GENERATE_SWIFT_ASSET_SYMBOL_EXTENSIONS = YES;
				CLANG_ANALYZER_NONNULL = YES;
				CLANG_ANALYZER_NUMBER_OBJECT_CONVERSION = YES_AGGRESSIVE;
				CLANG_CXX_LANGUAGE_STANDARD = "gnu++20";
				CLANG_ENABLE_MODULES = YES;
				CLANG_ENABLE_OBJC_ARC = YES;
				CLANG_ENABLE_OBJC_WEAK = YES;
				CLANG_WARN_BLOCK_CAPTURE_AUTORELEASING = YES;
				CLANG_WARN_BOOL_CONVERSION = YES;
				CLANG_WARN_COMMA = YES;
				CLANG_WARN_CONSTANT_CONVERSION = YES;
				CLANG_WARN_DEPRECATED_OBJC_IMPLEMENTATIONS = YES;
				CLANG_WARN_DIRECT_OBJC_ISA_USAGE = YES_ERROR;
				CLANG_WARN_DOCUMENTATION_COMMENTS = YES;
				CLANG_WARN_EMPTY_BODY = YES;
				CLANG_WARN_ENUM_CONVERSION = YES;
				CLANG_WARN_INFINITE_RECURSION = YES;
				CLANG_WARN_INT_CONVERSION = YES;
				CLANG_WARN_NON_LITERAL_NULL_CONVERSION = YES;
				CLANG_WARN_OBJC_IMPLICIT_RETAIN_SELF = YES;
				CLANG_WARN_OBJC_LITERAL_CONVERSION = YES;
				CLANG_WARN_OBJC_ROOT_CLASS = YES_ERROR;
				CLANG_WARN_QUOTED_INCLUDE_IN_FRAMEWORK_HEADER = YES;
				CLANG_WARN_RANGE_LOOP_ANALYSIS = YES;
				CLANG_WARN_STRICT_PROTOTYPES = YES;
				CLANG_WARN_SUSPICIOUS_MOVE = YES;
				CLANG_WARN_UNGUARDED_AVAILABILITY = YES_AGGRESSIVE;
				CLANG_WARN_UNREACHABLE_CODE = YES;
				CLANG_WARN__DUPLICATE_METHOD_MATCH = YES;
				COPY_PHASE_STRIP = NO;
				DEBUG_INFORMATION_FORMAT = dwarf;
				ENABLE_STRICT_OBJC_MSGSEND = YES;
				ENABLE_TESTABILITY = YES;
				ENABLE_USER_SCRIPT_SANDBOXING = YES;
				GCC_C_LANGUAGE_STANDARD = gnu17;
				GCC_DYNAMIC_NO_PIC = NO;
				GCC_NO_COMMON_BLOCKS = YES;
				GCC_OPTIMIZATION_LEVEL = 0;
				GCC_PREPROCESSOR_DEFINITIONS = (
					"DEBUG=1",
					"$(inherited)",
				);
				GCC_WARN_64_TO_32_BIT_CONVERSION = YES;
				GCC_WARN_ABOUT_RETURN_TYPE = YES_ERROR;
				GCC_WARN_UNDECLARED_SELECTOR = YES;
				GCC_WARN_UNINITIALIZED_AUTOS = YES_AGGRESSIVE;
				GCC_WARN_UNUSED_FUNCTION = YES;
				GCC_WARN_UNUSED_VARIABLE = YES;
				IPHONEOS_DEPLOYMENT_TARGET = 17.0;
				LOCALIZATION_PREFERS_STRING_CATALOGS = YES;
				MTL_ENABLE_DEBUG_INFO = INCLUDE_SOURCE;
				MTL_FAST_MATH = YES;
				ONLY_ACTIVE_ARCH = YES;
				SDKROOT = iphoneos;
				SWIFT_ACTIVE_COMPILATION_CONDITIONS = "DEBUG $(inherited)";
				SWIFT_OPTIMIZATION_LEVEL = "-Onone";
			};
			name = Debug;
		};
		2D1D12C32B5BD37C00B58087 /* Release */ = {
			isa = XCBuildConfiguration;
			buildSettings = {
				ALWAYS_SEARCH_USER_PATHS = NO;
				ASSETCATALOG_COMPILER_GENERATE_SWIFT_ASSET_SYMBOL_EXTENSIONS = YES;
				CLANG_ANALYZER_NONNULL = YES;
				CLANG_ANALYZER_NUMBER_OBJECT_CONVERSION = YES_AGGRESSIVE;
				CLANG_CXX_LANGUAGE_STANDARD = "gnu++20";
				CLANG_ENABLE_MODULES = YES;
				CLANG_ENABLE_OBJC_ARC = YES;
				CLANG_ENABLE_OBJC_WEAK = YES;
				CLANG_WARN_BLOCK_CAPTURE_AUTORELEASING = YES;
				CLANG_WARN_BOOL_CONVERSION = YES;
				CLANG_WARN_COMMA = YES;
				CLANG_WARN_CONSTANT_CONVERSION = YES;
				CLANG_WARN_DEPRECATED_OBJC_IMPLEMENTATIONS = YES;
				CLANG_WARN_DIRECT_OBJC_ISA_USAGE = YES_ERROR;
				CLANG_WARN_DOCUMENTATION_COMMENTS = YES;
				CLANG_WARN_EMPTY_BODY = YES;
				CLANG_WARN_ENUM_CONVERSION = YES;
				CLANG_WARN_INFINITE_RECURSION = YES;
				CLANG_WARN_INT_CONVERSION = YES;
				CLANG_WARN_NON_LITERAL_NULL_CONVERSION = YES;
				CLANG_WARN_OBJC_IMPLICIT_RETAIN_SELF = YES;
				CLANG_WARN_OBJC_LITERAL_CONVERSION = YES;
				CLANG_WARN_OBJC_ROOT_CLASS = YES_ERROR;
				CLANG_WARN_QUOTED_INCLUDE_IN_FRAMEWORK_HEADER = YES;
				CLANG_WARN_RANGE_LOOP_ANALYSIS = YES;
				CLANG_WARN_STRICT_PROTOTYPES = YES;
				CLANG_WARN_SUSPICIOUS_MOVE = YES;
				CLANG_WARN_UNGUARDED_AVAILABILITY = YES_AGGRESSIVE;
				CLANG_WARN_UNREACHABLE_CODE = YES;
				CLANG_WARN__DUPLICATE_METHOD_MATCH = YES;
				COPY_PHASE_STRIP = NO;
				DEBUG_INFORMATION_FORMAT = "dwarf-with-dsym";
				ENABLE_NS_ASSERTIONS = NO;
				ENABLE_STRICT_OBJC_MSGSEND = YES;
				ENABLE_USER_SCRIPT_SANDBOXING = YES;
				GCC_C_LANGUAGE_STANDARD = gnu17;
				GCC_NO_COMMON_BLOCKS = YES;
				GCC_WARN_64_TO_32_BIT_CONVERSION = YES;
				GCC_WARN_ABOUT_RETURN_TYPE = YES_ERROR;
				GCC_WARN_UNDECLARED_SELECTOR = YES;
				GCC_WARN_UNINITIALIZED_AUTOS = YES_AGGRESSIVE;
				GCC_WARN_UNUSED_FUNCTION = YES;
				GCC_WARN_UNUSED_VARIABLE = YES;
				IPHONEOS_DEPLOYMENT_TARGET = 17.0;
				LOCALIZATION_PREFERS_STRING_CATALOGS = YES;
				MTL_ENABLE_DEBUG_INFO = NO;
				MTL_FAST_MATH = YES;
				SDKROOT = iphoneos;
				SWIFT_COMPILATION_MODE = wholemodule;
				VALIDATE_PRODUCT = YES;
			};
			name = Release;
		};
		2D1D12C52B5BD37C00B58087 /* Debug */ = {
			isa = XCBuildConfiguration;
			buildSettings = {
				ASSETCATALOG_COMPILER_APPICON_NAME = AppIcon;
				ASSETCATALOG_COMPILER_GLOBAL_ACCENT_COLOR_NAME = AccentColor;
				CODE_SIGN_STYLE = Automatic;
				CURRENT_PROJECT_VERSION = 1;
				DEVELOPMENT_TEAM = 9YZ66R8B68;
				GENERATE_INFOPLIST_FILE = YES;
				INFOPLIST_FILE = TestTask/App/Info.plist;
				INFOPLIST_KEY_UIApplicationSupportsIndirectInputEvents = YES;
				INFOPLIST_KEY_UILaunchStoryboardName = LaunchScreen;
				INFOPLIST_KEY_UISupportedInterfaceOrientations = UIInterfaceOrientationPortrait;
				INFOPLIST_KEY_UISupportedInterfaceOrientations_iPad = "UIInterfaceOrientationLandscapeLeft UIInterfaceOrientationLandscapeRight UIInterfaceOrientationPortrait UIInterfaceOrientationPortraitUpsideDown";
				IPHONEOS_DEPLOYMENT_TARGET = 15.0;
				LD_RUNPATH_SEARCH_PATHS = (
					"$(inherited)",
					"@executable_path/Frameworks",
				);
				MARKETING_VERSION = 1.0;
				PRODUCT_BUNDLE_IDENTIFIER = com.MaksGridenko.TestTask;
				PRODUCT_NAME = "$(TARGET_NAME)";
				SUPPORTED_PLATFORMS = "iphoneos iphonesimulator";
				SUPPORTS_MACCATALYST = NO;
				SUPPORTS_MAC_DESIGNED_FOR_IPHONE_IPAD = NO;
				SWIFT_EMIT_LOC_STRINGS = YES;
				SWIFT_VERSION = 5.0;
				TARGETED_DEVICE_FAMILY = 1;
			};
			name = Debug;
		};
		2D1D12C62B5BD37C00B58087 /* Release */ = {
			isa = XCBuildConfiguration;
			buildSettings = {
				ASSETCATALOG_COMPILER_APPICON_NAME = AppIcon;
				ASSETCATALOG_COMPILER_GLOBAL_ACCENT_COLOR_NAME = AccentColor;
				CODE_SIGN_STYLE = Automatic;
				CURRENT_PROJECT_VERSION = 1;
				DEVELOPMENT_TEAM = 9YZ66R8B68;
				GENERATE_INFOPLIST_FILE = YES;
				INFOPLIST_FILE = TestTask/App/Info.plist;
				INFOPLIST_KEY_UIApplicationSupportsIndirectInputEvents = YES;
				INFOPLIST_KEY_UILaunchStoryboardName = LaunchScreen;
				INFOPLIST_KEY_UISupportedInterfaceOrientations = UIInterfaceOrientationPortrait;
				INFOPLIST_KEY_UISupportedInterfaceOrientations_iPad = "UIInterfaceOrientationLandscapeLeft UIInterfaceOrientationLandscapeRight UIInterfaceOrientationPortrait UIInterfaceOrientationPortraitUpsideDown";
				IPHONEOS_DEPLOYMENT_TARGET = 15.0;
				LD_RUNPATH_SEARCH_PATHS = (
					"$(inherited)",
					"@executable_path/Frameworks",
				);
				MARKETING_VERSION = 1.0;
				PRODUCT_BUNDLE_IDENTIFIER = com.MaksGridenko.TestTask;
				PRODUCT_NAME = "$(TARGET_NAME)";
				SUPPORTED_PLATFORMS = "iphoneos iphonesimulator";
				SUPPORTS_MACCATALYST = NO;
				SUPPORTS_MAC_DESIGNED_FOR_IPHONE_IPAD = NO;
				SWIFT_EMIT_LOC_STRINGS = YES;
				SWIFT_VERSION = 5.0;
				TARGETED_DEVICE_FAMILY = 1;
			};
			name = Release;
		};
/* End XCBuildConfiguration section */

/* Begin XCConfigurationList section */
		2D1D12AB2B5BD37A00B58087 /* Build configuration list for PBXProject "TestTask" */ = {
			isa = XCConfigurationList;
			buildConfigurations = (
				2D1D12C22B5BD37C00B58087 /* Debug */,
				2D1D12C32B5BD37C00B58087 /* Release */,
			);
			defaultConfigurationIsVisible = 0;
			defaultConfigurationName = Release;
		};
		2D1D12C42B5BD37C00B58087 /* Build configuration list for PBXNativeTarget "TestTask" */ = {
			isa = XCConfigurationList;
			buildConfigurations = (
				2D1D12C52B5BD37C00B58087 /* Debug */,
				2D1D12C62B5BD37C00B58087 /* Release */,
			);
			defaultConfigurationIsVisible = 0;
			defaultConfigurationName = Release;
		};
/* End XCConfigurationList section */
	};
	rootObject = 2D1D12A82B5BD37A00B58087 /* Project object */;
}
